// !$*UTF8*$!
{
	archiveVersion = 1;
	classes = {
	};
	objectVersion = 48;
	objects = {

/* Begin PBXBuildFile section */
		AB3F224122474A4400CC2F9C /* AppDelegate.swift in Sources */ = {isa = PBXBuildFile; fileRef = AB3F224022474A4400CC2F9C /* AppDelegate.swift */; };
		AB3F224622474A4400CC2F9C /* Main.storyboard in Resources */ = {isa = PBXBuildFile; fileRef = AB3F224422474A4400CC2F9C /* Main.storyboard */; };
		AB3F224822474A4400CC2F9C /* Assets.xcassets in Resources */ = {isa = PBXBuildFile; fileRef = AB3F224722474A4400CC2F9C /* Assets.xcassets */; };
		AB3F224B22474A4400CC2F9C /* LaunchScreen.storyboard in Resources */ = {isa = PBXBuildFile; fileRef = AB3F224922474A4400CC2F9C /* LaunchScreen.storyboard */; };
		AB3F225622474A4400CC2F9C /* HomepwnerTests.swift in Sources */ = {isa = PBXBuildFile; fileRef = AB3F225522474A4400CC2F9C /* HomepwnerTests.swift */; };
		AB3F226122474A4500CC2F9C /* HomepwnerUITests.swift in Sources */ = {isa = PBXBuildFile; fileRef = AB3F226022474A4500CC2F9C /* HomepwnerUITests.swift */; };
		AB3F226F22474AD200CC2F9C /* ItemsViewController.swift in Sources */ = {isa = PBXBuildFile; fileRef = AB3F226E22474AD200CC2F9C /* ItemsViewController.swift */; };
		AB3F227122474CAB00CC2F9C /* Item.swift in Sources */ = {isa = PBXBuildFile; fileRef = AB3F227022474CAB00CC2F9C /* Item.swift */; };
		AB3F227422474EC700CC2F9C /* ItemStore.swift in Sources */ = {isa = PBXBuildFile; fileRef = AB3F227322474EC700CC2F9C /* ItemStore.swift */; };
/* End PBXBuildFile section */

/* Begin PBXContainerItemProxy section */
		AB3F225222474A4400CC2F9C /* PBXContainerItemProxy */ = {
			isa = PBXContainerItemProxy;
			containerPortal = AB3F223522474A4400CC2F9C /* Project object */;
			proxyType = 1;
			remoteGlobalIDString = AB3F223C22474A4400CC2F9C;
			remoteInfo = Homepwner;
		};
		AB3F225D22474A4500CC2F9C /* PBXContainerItemProxy */ = {
			isa = PBXContainerItemProxy;
			containerPortal = AB3F223522474A4400CC2F9C /* Project object */;
			proxyType = 1;
			remoteGlobalIDString = AB3F223C22474A4400CC2F9C;
			remoteInfo = Homepwner;
		};
/* End PBXContainerItemProxy section */

/* Begin PBXFileReference section */
		AB3F223D22474A4400CC2F9C /* Homepwner.app */ = {isa = PBXFileReference; explicitFileType = wrapper.application; includeInIndex = 0; path = Homepwner.app; sourceTree = BUILT_PRODUCTS_DIR; };
		AB3F224022474A4400CC2F9C /* AppDelegate.swift */ = {isa = PBXFileReference; lastKnownFileType = sourcecode.swift; path = AppDelegate.swift; sourceTree = "<group>"; };
		AB3F224522474A4400CC2F9C /* Base */ = {isa = PBXFileReference; lastKnownFileType = file.storyboard; name = Base; path = Base.lproj/Main.storyboard; sourceTree = "<group>"; };
		AB3F224722474A4400CC2F9C /* Assets.xcassets */ = {isa = PBXFileReference; lastKnownFileType = folder.assetcatalog; path = Assets.xcassets; sourceTree = "<group>"; };
		AB3F224A22474A4400CC2F9C /* Base */ = {isa = PBXFileReference; lastKnownFileType = file.storyboard; name = Base; path = Base.lproj/LaunchScreen.storyboard; sourceTree = "<group>"; };
		AB3F224C22474A4400CC2F9C /* Info.plist */ = {isa = PBXFileReference; lastKnownFileType = text.plist.xml; path = Info.plist; sourceTree = "<group>"; };
		AB3F225122474A4400CC2F9C /* HomepwnerTests.xctest */ = {isa = PBXFileReference; explicitFileType = wrapper.cfbundle; includeInIndex = 0; path = HomepwnerTests.xctest; sourceTree = BUILT_PRODUCTS_DIR; };
		AB3F225522474A4400CC2F9C /* HomepwnerTests.swift */ = {isa = PBXFileReference; lastKnownFileType = sourcecode.swift; path = HomepwnerTests.swift; sourceTree = "<group>"; };
		AB3F225722474A4400CC2F9C /* Info.plist */ = {isa = PBXFileReference; lastKnownFileType = text.plist.xml; path = Info.plist; sourceTree = "<group>"; };
		AB3F225C22474A4500CC2F9C /* HomepwnerUITests.xctest */ = {isa = PBXFileReference; explicitFileType = wrapper.cfbundle; includeInIndex = 0; path = HomepwnerUITests.xctest; sourceTree = BUILT_PRODUCTS_DIR; };
		AB3F226022474A4500CC2F9C /* HomepwnerUITests.swift */ = {isa = PBXFileReference; lastKnownFileType = sourcecode.swift; path = HomepwnerUITests.swift; sourceTree = "<group>"; };
		AB3F226222474A4500CC2F9C /* Info.plist */ = {isa = PBXFileReference; lastKnownFileType = text.plist.xml; path = Info.plist; sourceTree = "<group>"; };
		AB3F226E22474AD200CC2F9C /* ItemsViewController.swift */ = {isa = PBXFileReference; lastKnownFileType = sourcecode.swift; path = ItemsViewController.swift; sourceTree = "<group>"; };
		AB3F227022474CAB00CC2F9C /* Item.swift */ = {isa = PBXFileReference; lastKnownFileType = sourcecode.swift; path = Item.swift; sourceTree = "<group>"; };
		AB3F227322474EC700CC2F9C /* ItemStore.swift */ = {isa = PBXFileReference; lastKnownFileType = sourcecode.swift; path = ItemStore.swift; sourceTree = "<group>"; };
/* End PBXFileReference section */

/* Begin PBXFrameworksBuildPhase section */
		AB3F223A22474A4400CC2F9C /* Frameworks */ = {
			isa = PBXFrameworksBuildPhase;
			buildActionMask = 2147483647;
			files = (
			);
			runOnlyForDeploymentPostprocessing = 0;
		};
		AB3F224E22474A4400CC2F9C /* Frameworks */ = {
			isa = PBXFrameworksBuildPhase;
			buildActionMask = 2147483647;
			files = (
			);
			runOnlyForDeploymentPostprocessing = 0;
		};
		AB3F225922474A4500CC2F9C /* Frameworks */ = {
			isa = PBXFrameworksBuildPhase;
			buildActionMask = 2147483647;
			files = (
			);
			runOnlyForDeploymentPostprocessing = 0;
		};
/* End PBXFrameworksBuildPhase section */

/* Begin PBXGroup section */
		AB3F223422474A4400CC2F9C = {
			isa = PBXGroup;
			children = (
				AB3F223F22474A4400CC2F9C /* Homepwner */,
				AB3F225422474A4400CC2F9C /* HomepwnerTests */,
				AB3F225F22474A4500CC2F9C /* HomepwnerUITests */,
				AB3F223E22474A4400CC2F9C /* Products */,
			);
			sourceTree = "<group>";
		};
		AB3F223E22474A4400CC2F9C /* Products */ = {
			isa = PBXGroup;
			children = (
				AB3F223D22474A4400CC2F9C /* Homepwner.app */,
				AB3F225122474A4400CC2F9C /* HomepwnerTests.xctest */,
				AB3F225C22474A4500CC2F9C /* HomepwnerUITests.xctest */,
			);
			name = Products;
			sourceTree = "<group>";
		};
		AB3F223F22474A4400CC2F9C /* Homepwner */ = {
			isa = PBXGroup;
			children = (
				AB3F224022474A4400CC2F9C /* AppDelegate.swift */,
				AB3F224422474A4400CC2F9C /* Main.storyboard */,
				AB3F226E22474AD200CC2F9C /* ItemsViewController.swift */,
				AB3F224722474A4400CC2F9C /* Assets.xcassets */,
				AB3F224922474A4400CC2F9C /* LaunchScreen.storyboard */,
				AB3F224C22474A4400CC2F9C /* Info.plist */,
				AB3F227022474CAB00CC2F9C /* Item.swift */,
				AB3F227322474EC700CC2F9C /* ItemStore.swift */,
			);
			path = Homepwner;
			sourceTree = "<group>";
		};
		AB3F225422474A4400CC2F9C /* HomepwnerTests */ = {
			isa = PBXGroup;
			children = (
				AB3F225522474A4400CC2F9C /* HomepwnerTests.swift */,
				AB3F225722474A4400CC2F9C /* Info.plist */,
			);
			path = HomepwnerTests;
			sourceTree = "<group>";
		};
		AB3F225F22474A4500CC2F9C /* HomepwnerUITests */ = {
			isa = PBXGroup;
			children = (
				AB3F226022474A4500CC2F9C /* HomepwnerUITests.swift */,
				AB3F226222474A4500CC2F9C /* Info.plist */,
			);
			path = HomepwnerUITests;
			sourceTree = "<group>";
		};
/* End PBXGroup section */

/* Begin PBXNativeTarget section */
		AB3F223C22474A4400CC2F9C /* Homepwner */ = {
			isa = PBXNativeTarget;
			buildConfigurationList = AB3F226522474A4500CC2F9C /* Build configuration list for PBXNativeTarget "Homepwner" */;
			buildPhases = (
				AB3F223922474A4400CC2F9C /* Sources */,
				AB3F223A22474A4400CC2F9C /* Frameworks */,
				AB3F223B22474A4400CC2F9C /* Resources */,
			);
			buildRules = (
			);
			dependencies = (
			);
			name = Homepwner;
			productName = Homepwner;
			productReference = AB3F223D22474A4400CC2F9C /* Homepwner.app */;
			productType = "com.apple.product-type.application";
		};
		AB3F225022474A4400CC2F9C /* HomepwnerTests */ = {
			isa = PBXNativeTarget;
			buildConfigurationList = AB3F226822474A4500CC2F9C /* Build configuration list for PBXNativeTarget "HomepwnerTests" */;
			buildPhases = (
				AB3F224D22474A4400CC2F9C /* Sources */,
				AB3F224E22474A4400CC2F9C /* Frameworks */,
				AB3F224F22474A4400CC2F9C /* Resources */,
			);
			buildRules = (
			);
			dependencies = (
				AB3F225322474A4400CC2F9C /* PBXTargetDependency */,
			);
			name = HomepwnerTests;
			productName = HomepwnerTests;
			productReference = AB3F225122474A4400CC2F9C /* HomepwnerTests.xctest */;
			productType = "com.apple.product-type.bundle.unit-test";
		};
		AB3F225B22474A4500CC2F9C /* HomepwnerUITests */ = {
			isa = PBXNativeTarget;
			buildConfigurationList = AB3F226B22474A4500CC2F9C /* Build configuration list for PBXNativeTarget "HomepwnerUITests" */;
			buildPhases = (
				AB3F225822474A4500CC2F9C /* Sources */,
				AB3F225922474A4500CC2F9C /* Frameworks */,
				AB3F225A22474A4500CC2F9C /* Resources */,
			);
			buildRules = (
			);
			dependencies = (
				AB3F225E22474A4500CC2F9C /* PBXTargetDependency */,
			);
			name = HomepwnerUITests;
			productName = HomepwnerUITests;
			productReference = AB3F225C22474A4500CC2F9C /* HomepwnerUITests.xctest */;
			productType = "com.apple.product-type.bundle.ui-testing";
		};
/* End PBXNativeTarget section */

/* Begin PBXProject section */
		AB3F223522474A4400CC2F9C /* Project object */ = {
			isa = PBXProject;
			attributes = {
				LastSwiftUpdateCheck = 0900;
				LastUpgradeCheck = 0900;
				ORGANIZATIONNAME = July;
				TargetAttributes = {
					AB3F223C22474A4400CC2F9C = {
						CreatedOnToolsVersion = 9.0;
						ProvisioningStyle = Automatic;
					};
					AB3F225022474A4400CC2F9C = {
						CreatedOnToolsVersion = 9.0;
						ProvisioningStyle = Automatic;
						TestTargetID = AB3F223C22474A4400CC2F9C;
					};
					AB3F225B22474A4500CC2F9C = {
						CreatedOnToolsVersion = 9.0;
						ProvisioningStyle = Automatic;
						TestTargetID = AB3F223C22474A4400CC2F9C;
					};
				};
			};
			buildConfigurationList = AB3F223822474A4400CC2F9C /* Build configuration list for PBXProject "Homepwner" */;
			compatibilityVersion = "Xcode 8.0";
			developmentRegion = en;
			hasScannedForEncodings = 0;
			knownRegions = (
				en,
				Base,
			);
			mainGroup = AB3F223422474A4400CC2F9C;
			productRefGroup = AB3F223E22474A4400CC2F9C /* Products */;
			projectDirPath = "";
			projectRoot = "";
			targets = (
				AB3F223C22474A4400CC2F9C /* Homepwner */,
				AB3F225022474A4400CC2F9C /* HomepwnerTests */,
				AB3F225B22474A4500CC2F9C /* HomepwnerUITests */,
			);
		};
/* End PBXProject section */

/* Begin PBXResourcesBuildPhase section */
		AB3F223B22474A4400CC2F9C /* Resources */ = {
			isa = PBXResourcesBuildPhase;
			buildActionMask = 2147483647;
			files = (
				AB3F224B22474A4400CC2F9C /* LaunchScreen.storyboard in Resources */,
				AB3F224822474A4400CC2F9C /* Assets.xcassets in Resources */,
				AB3F224622474A4400CC2F9C /* Main.storyboard in Resources */,
			);
			runOnlyForDeploymentPostprocessing = 0;
		};
		AB3F224F22474A4400CC2F9C /* Resources */ = {
			isa = PBXResourcesBuildPhase;
			buildActionMask = 2147483647;
			files = (
			);
			runOnlyForDeploymentPostprocessing = 0;
		};
		AB3F225A22474A4500CC2F9C /* Resources */ = {
			isa = PBXResourcesBuildPhase;
			buildActionMask = 2147483647;
			files = (
			);
			runOnlyForDeploymentPostprocessing = 0;
		};
/* End PBXResourcesBuildPhase section */

/* Begin PBXSourcesBuildPhase section */
		AB3F223922474A4400CC2F9C /* Sources */ = {
			isa = PBXSourcesBuildPhase;
			buildActionMask = 2147483647;
			files = (
				AB3F226F22474AD200CC2F9C /* ItemsViewController.swift in Sources */,
				AB3F227122474CAB00CC2F9C /* Item.swift in Sources */,
				AB3F227422474EC700CC2F9C /* ItemStore.swift in Sources */,
				AB3F224122474A4400CC2F9C /* AppDelegate.swift in Sources */,
			);
			runOnlyForDeploymentPostprocessing = 0;
		};
		AB3F224D22474A4400CC2F9C /* Sources */ = {
			isa = PBXSourcesBuildPhase;
			buildActionMask = 2147483647;
			files = (
				AB3F225622474A4400CC2F9C /* HomepwnerTests.swift in Sources */,
			);
			runOnlyForDeploymentPostprocessing = 0;
		};
		AB3F225822474A4500CC2F9C /* Sources */ = {
			isa = PBXSourcesBuildPhase;
			buildActionMask = 2147483647;
			files = (
				AB3F226122474A4500CC2F9C /* HomepwnerUITests.swift in Sources */,
			);
			runOnlyForDeploymentPostprocessing = 0;
		};
/* End PBXSourcesBuildPhase section */

/* Begin PBXTargetDependency section */
		AB3F225322474A4400CC2F9C /* PBXTargetDependency */ = {
			isa = PBXTargetDependency;
			target = AB3F223C22474A4400CC2F9C /* Homepwner */;
			targetProxy = AB3F225222474A4400CC2F9C /* PBXContainerItemProxy */;
		};
		AB3F225E22474A4500CC2F9C /* PBXTargetDependency */ = {
			isa = PBXTargetDependency;
			target = AB3F223C22474A4400CC2F9C /* Homepwner */;
			targetProxy = AB3F225D22474A4500CC2F9C /* PBXContainerItemProxy */;
		};
/* End PBXTargetDependency section */

/* Begin PBXVariantGroup section */
		AB3F224422474A4400CC2F9C /* Main.storyboard */ = {
			isa = PBXVariantGroup;
			children = (
				AB3F224522474A4400CC2F9C /* Base */,
			);
			name = Main.storyboard;
			sourceTree = "<group>";
		};
		AB3F224922474A4400CC2F9C /* LaunchScreen.storyboard */ = {
			isa = PBXVariantGroup;
			children = (
				AB3F224A22474A4400CC2F9C /* Base */,
			);
			name = LaunchScreen.storyboard;
			sourceTree = "<group>";
		};
/* End PBXVariantGroup section */

/* Begin XCBuildConfiguration section */
		AB3F226322474A4500CC2F9C /* Debug */ = {
			isa = XCBuildConfiguration;
			buildSettings = {
				ALWAYS_SEARCH_USER_PATHS = NO;
				CLANG_ANALYZER_NONNULL = YES;
				CLANG_ANALYZER_NUMBER_OBJECT_CONVERSION = YES_AGGRESSIVE;
				CLANG_CXX_LANGUAGE_STANDARD = "gnu++14";
				CLANG_CXX_LIBRARY = "libc++";
				CLANG_ENABLE_MODULES = YES;
				CLANG_ENABLE_OBJC_ARC = YES;
				CLANG_WARN_BLOCK_CAPTURE_AUTORELEASING = YES;
				CLANG_WARN_BOOL_CONVERSION = YES;
				CLANG_WARN_COMMA = YES;
				CLANG_WARN_CONSTANT_CONVERSION = YES;
				CLANG_WARN_DIRECT_OBJC_ISA_USAGE = YES_ERROR;
				CLANG_WARN_DOCUMENTATION_COMMENTS = YES;
				CLANG_WARN_EMPTY_BODY = YES;
				CLANG_WARN_ENUM_CONVERSION = YES;
				CLANG_WARN_INFINITE_RECURSION = YES;
				CLANG_WARN_INT_CONVERSION = YES;
				CLANG_WARN_NON_LITERAL_NULL_CONVERSION = YES;
				CLANG_WARN_OBJC_LITERAL_CONVERSION = YES;
				CLANG_WARN_OBJC_ROOT_CLASS = YES_ERROR;
				CLANG_WARN_RANGE_LOOP_ANALYSIS = YES;
				CLANG_WARN_STRICT_PROTOTYPES = YES;
				CLANG_WARN_SUSPICIOUS_MOVE = YES;
				CLANG_WARN_UNGUARDED_AVAILABILITY = YES_AGGRESSIVE;
				CLANG_WARN_UNREACHABLE_CODE = YES;
				CLANG_WARN__DUPLICATE_METHOD_MATCH = YES;
				CODE_SIGN_IDENTITY = "iPhone Developer";
				COPY_PHASE_STRIP = NO;
				DEBUG_INFORMATION_FORMAT = dwarf;
				ENABLE_STRICT_OBJC_MSGSEND = YES;
				ENABLE_TESTABILITY = YES;
				GCC_C_LANGUAGE_STANDARD = gnu11;
				GCC_DYNAMIC_NO_PIC = NO;
				GCC_NO_COMMON_BLOCKS = YES;
				GCC_OPTIMIZATION_LEVEL = 0;
				GCC_PREPROCESSOR_DEFINITIONS = (
					"DEBUG=1",
					"$(inherited)",
				);
				GCC_WARN_64_TO_32_BIT_CONVERSION = YES;
				GCC_WARN_ABOUT_RETURN_TYPE = YES_ERROR;
				GCC_WARN_UNDECLARED_SELECTOR = YES;
				GCC_WARN_UNINITIALIZED_AUTOS = YES_AGGRESSIVE;
				GCC_WARN_UNUSED_FUNCTION = YES;
				GCC_WARN_UNUSED_VARIABLE = YES;
				IPHONEOS_DEPLOYMENT_TARGET = 11.0;
				MTL_ENABLE_DEBUG_INFO = YES;
				ONLY_ACTIVE_ARCH = YES;
				SDKROOT = iphoneos;
				SWIFT_ACTIVE_COMPILATION_CONDITIONS = DEBUG;
				SWIFT_OPTIMIZATION_LEVEL = "-Onone";
			};
			name = Debug;
		};
		AB3F226422474A4500CC2F9C /* Release */ = {
			isa = XCBuildConfiguration;
			buildSettings = {
				ALWAYS_SEARCH_USER_PATHS = NO;
				CLANG_ANALYZER_NONNULL = YES;
				CLANG_ANALYZER_NUMBER_OBJECT_CONVERSION = YES_AGGRESSIVE;
				CLANG_CXX_LANGUAGE_STANDARD = "gnu++14";
				CLANG_CXX_LIBRARY = "libc++";
				CLANG_ENABLE_MODULES = YES;
				CLANG_ENABLE_OBJC_ARC = YES;
				CLANG_WARN_BLOCK_CAPTURE_AUTORELEASING = YES;
				CLANG_WARN_BOOL_CONVERSION = YES;
				CLANG_WARN_COMMA = YES;
				CLANG_WARN_CONSTANT_CONVERSION = YES;
				CLANG_WARN_DIRECT_OBJC_ISA_USAGE = YES_ERROR;
				CLANG_WARN_DOCUMENTATION_COMMENTS = YES;
				CLANG_WARN_EMPTY_BODY = YES;
				CLANG_WARN_ENUM_CONVERSION = YES;
				CLANG_WARN_INFINITE_RECURSION = YES;
				CLANG_WARN_INT_CONVERSION = YES;
				CLANG_WARN_NON_LITERAL_NULL_CONVERSION = YES;
				CLANG_WARN_OBJC_LITERAL_CONVERSION = YES;
				CLANG_WARN_OBJC_ROOT_CLASS = YES_ERROR;
				CLANG_WARN_RANGE_LOOP_ANALYSIS = YES;
				CLANG_WARN_STRICT_PROTOTYPES = YES;
				CLANG_WARN_SUSPICIOUS_MOVE = YES;
				CLANG_WARN_UNGUARDED_AVAILABILITY = YES_AGGRESSIVE;
				CLANG_WARN_UNREACHABLE_CODE = YES;
				CLANG_WARN__DUPLICATE_METHOD_MATCH = YES;
				CODE_SIGN_IDENTITY = "iPhone Developer";
				COPY_PHASE_STRIP = NO;
				DEBUG_INFORMATION_FORMAT = "dwarf-with-dsym";
				ENABLE_NS_ASSERTIONS = NO;
				ENABLE_STRICT_OBJC_MSGSEND = YES;
				GCC_C_LANGUAGE_STANDARD = gnu11;
				GCC_NO_COMMON_BLOCKS = YES;
				GCC_WARN_64_TO_32_BIT_CONVERSION = YES;
				GCC_WARN_ABOUT_RETURN_TYPE = YES_ERROR;
				GCC_WARN_UNDECLARED_SELECTOR = YES;
				GCC_WARN_UNINITIALIZED_AUTOS = YES_AGGRESSIVE;
				GCC_WARN_UNUSED_FUNCTION = YES;
				GCC_WARN_UNUSED_VARIABLE = YES;
				IPHONEOS_DEPLOYMENT_TARGET = 11.0;
				MTL_ENABLE_DEBUG_INFO = NO;
				SDKROOT = iphoneos;
				SWIFT_OPTIMIZATION_LEVEL = "-Owholemodule";
				VALIDATE_PRODUCT = YES;
			};
			name = Release;
		};
		AB3F226622474A4500CC2F9C /* Debug */ = {
			isa = XCBuildConfiguration;
			buildSettings = {
				ASSETCATALOG_COMPILER_APPICON_NAME = AppIcon;
				CODE_SIGN_STYLE = Automatic;
				DEVELOPMENT_TEAM = GA8FE3RZ75;
				INFOPLIST_FILE = Homepwner/Info.plist;
				LD_RUNPATH_SEARCH_PATHS = "$(inherited) @executable_path/Frameworks";
				PRODUCT_BUNDLE_IDENTIFIER = julykikuakita.Homepwner;
				PRODUCT_NAME = "$(TARGET_NAME)";
				SWIFT_VERSION = 4.0;
				TARGETED_DEVICE_FAMILY = "1,2";
			};
			name = Debug;
		};
		AB3F226722474A4500CC2F9C /* Release */ = {
			isa = XCBuildConfiguration;
			buildSettings = {
				ASSETCATALOG_COMPILER_APPICON_NAME = AppIcon;
				CODE_SIGN_STYLE = Automatic;
				DEVELOPMENT_TEAM = GA8FE3RZ75;
				INFOPLIST_FILE = Homepwner/Info.plist;
				LD_RUNPATH_SEARCH_PATHS = "$(inherited) @executable_path/Frameworks";
				PRODUCT_BUNDLE_IDENTIFIER = julykikuakita.Homepwner;
				PRODUCT_NAME = "$(TARGET_NAME)";
				SWIFT_VERSION = 4.0;
				TARGETED_DEVICE_FAMILY = "1,2";
			};
			name = Release;
		};
		AB3F226922474A4500CC2F9C /* Debug */ = {
			isa = XCBuildConfiguration;
			buildSettings = {
				ALWAYS_EMBED_SWIFT_STANDARD_LIBRARIES = YES;
				BUNDLE_LOADER = "$(TEST_HOST)";
				CODE_SIGN_STYLE = Automatic;
				DEVELOPMENT_TEAM = GA8FE3RZ75;
				INFOPLIST_FILE = HomepwnerTests/Info.plist;
				LD_RUNPATH_SEARCH_PATHS = "$(inherited) @executable_path/Frameworks @loader_path/Frameworks";
				PRODUCT_BUNDLE_IDENTIFIER = julykikuakita.HomepwnerTests;
				PRODUCT_NAME = "$(TARGET_NAME)";
				SWIFT_VERSION = 4.0;
				TARGETED_DEVICE_FAMILY = "1,2";
				TEST_HOST = "$(BUILT_PRODUCTS_DIR)/Homepwner.app/Homepwner";
			};
			name = Debug;
		};
		AB3F226A22474A4500CC2F9C /* Release */ = {
			isa = XCBuildConfiguration;
			buildSettings = {
				ALWAYS_EMBED_SWIFT_STANDARD_LIBRARIES = YES;
				BUNDLE_LOADER = "$(TEST_HOST)";
				CODE_SIGN_STYLE = Automatic;
				DEVELOPMENT_TEAM = GA8FE3RZ75;
				INFOPLIST_FILE = HomepwnerTests/Info.plist;
				LD_RUNPATH_SEARCH_PATHS = "$(inherited) @executable_path/Frameworks @loader_path/Frameworks";
				PRODUCT_BUNDLE_IDENTIFIER = julykikuakita.HomepwnerTests;
				PRODUCT_NAME = "$(TARGET_NAME)";
				SWIFT_VERSION = 4.0;
				TARGETED_DEVICE_FAMILY = "1,2";
				TEST_HOST = "$(BUILT_PRODUCTS_DIR)/Homepwner.app/Homepwner";
			};
			name = Release;
		};
		AB3F226C22474A4500CC2F9C /* Debug */ = {
			isa = XCBuildConfiguration;
			buildSettings = {
				ALWAYS_EMBED_SWIFT_STANDARD_LIBRARIES = YES;
				CODE_SIGN_STYLE = Automatic;
				DEVELOPMENT_TEAM = GA8FE3RZ75;
				INFOPLIST_FILE = HomepwnerUITests/Info.plist;
				LD_RUNPATH_SEARCH_PATHS = "$(inherited) @executable_path/Frameworks @loader_path/Frameworks";
				PRODUCT_BUNDLE_IDENTIFIER = julykikuakita.HomepwnerUITests;
				PRODUCT_NAME = "$(TARGET_NAME)";
				SWIFT_VERSION = 4.0;
				TARGETED_DEVICE_FAMILY = "1,2";
				TEST_TARGET_NAME = Homepwner;
			};
			name = Debug;
		};
		AB3F226D22474A4500CC2F9C /* Release */ = {
			isa = XCBuildConfiguration;
			buildSettings = {
				ALWAYS_EMBED_SWIFT_STANDARD_LIBRARIES = YES;
				CODE_SIGN_STYLE = Automatic;
				DEVELOPMENT_TEAM = GA8FE3RZ75;
				INFOPLIST_FILE = HomepwnerUITests/Info.plist;
				LD_RUNPATH_SEARCH_PATHS = "$(inherited) @executable_path/Frameworks @loader_path/Frameworks";
				PRODUCT_BUNDLE_IDENTIFIER = julykikuakita.HomepwnerUITests;
				PRODUCT_NAME = "$(TARGET_NAME)";
				SWIFT_VERSION = 4.0;
				TARGETED_DEVICE_FAMILY = "1,2";
				TEST_TARGET_NAME = Homepwner;
			};
			name = Release;
		};
/* End XCBuildConfiguration section */

/* Begin XCConfigurationList section */
		AB3F223822474A4400CC2F9C /* Build configuration list for PBXProject "Homepwner" */ = {
			isa = XCConfigurationList;
			buildConfigurations = (
				AB3F226322474A4500CC2F9C /* Debug */,
				AB3F226422474A4500CC2F9C /* Release */,
			);
			defaultConfigurationIsVisible = 0;
			defaultConfigurationName = Release;
		};
		AB3F226522474A4500CC2F9C /* Build configuration list for PBXNativeTarget "Homepwner" */ = {
			isa = XCConfigurationList;
			buildConfigurations = (
				AB3F226622474A4500CC2F9C /* Debug */,
				AB3F226722474A4500CC2F9C /* Release */,
			);
			defaultConfigurationIsVisible = 0;
			defaultConfigurationName = Release;
		};
		AB3F226822474A4500CC2F9C /* Build configuration list for PBXNativeTarget "HomepwnerTests" */ = {
			isa = XCConfigurationList;
			buildConfigurations = (
				AB3F226922474A4500CC2F9C /* Debug */,
				AB3F226A22474A4500CC2F9C /* Release */,
			);
			defaultConfigurationIsVisible = 0;
			defaultConfigurationName = Release;
		};
		AB3F226B22474A4500CC2F9C /* Build configuration list for PBXNativeTarget "HomepwnerUITests" */ = {
			isa = XCConfigurationList;
			buildConfigurations = (
				AB3F226C22474A4500CC2F9C /* Debug */,
				AB3F226D22474A4500CC2F9C /* Release */,
			);
			defaultConfigurationIsVisible = 0;
			defaultConfigurationName = Release;
		};
/* End XCConfigurationList section */
	};
	rootObject = AB3F223522474A4400CC2F9C /* Project object */;
}
